# THIS IS AN AUTOGENERATED FILE. DO NOT EDIT THIS FILE DIRECTLY.
# yarn lockfile v1


argparse@^1.0.2:
  version "1.0.9"
  resolved "https://registry.yarnpkg.com/argparse/-/argparse-1.0.9.tgz#73d83bc263f86e97f8cc4f6bae1b0e90a7d22c86"
  dependencies:
    sprintf-js "~1.0.2"

compressible@^2.0.2:
  version "2.0.10"
  resolved "https://registry.yarnpkg.com/compressible/-/compressible-2.0.10.tgz#feda1c7f7617912732b29bf8cf26252a20b9eecd"
  dependencies:
    mime-db ">= 1.27.0 < 2"

hike@^1.0.0:
  version "1.0.2"
  resolved "https://registry.yarnpkg.com/hike/-/hike-1.0.2.tgz#59aa053e8939163b2b1faf891a4264290a64867a"

lodash@^3.10.1:
  version "3.10.1"
  resolved "https://registry.yarnpkg.com/lodash/-/lodash-3.10.1.tgz#5bf45e8e49ba4189e17d482789dfd15bd140b7b6"

"mime-db@>= 1.27.0 < 2", mime-db@^1.6.0:
  version "1.27.0"
  resolved "https://registry.yarnpkg.com/mime-db/-/mime-db-1.27.0.tgz#820f572296bbd20ec25ed55e5b5de869e5436eb1"

mimoza@^1.0.0:
  version "1.0.0"
  resolved "https://registry.yarnpkg.com/mimoza/-/mimoza-1.0.0.tgz#d74aa4fe08932f005e430bdc7bfcfa95fcab4e62"
  dependencies:
    mime-db "^1.6.0"

mincer@~1:
  version "1.5.1"
  resolved "https://registry.yarnpkg.com/mincer/-/mincer-1.5.1.tgz#1bd87f20c728440f46cf408bae7333748d2ed0f9"
  dependencies:
    argparse "^1.0.2"
    compressible "^2.0.2"
    hike "^1.0.0"
    lodash "^3.10.1"
    mimoza "^1.0.0"
    mkdirp "^0.5.1"
    pako "^1.0.3"
    shellwords "^0.1.0"
    source-map "^0.5.3"

minimist@0.0.8:
  version "0.0.8"
  resolved "https://registry.yarnpkg.com/minimist/-/minimist-0.0.8.tgz#857fcabfc3397d2625b8228262e86aa7a011b05d"

minimist@~0.0.1:
  version "0.0.10"
  resolved "https://registry.yarnpkg.com/minimist/-/minimist-0.0.10.tgz#de3f98543dbf96082be48ad1a0c7cda836301dcf"

mkdirp@^0.5.1:
  version "0.5.1"
  resolved "https://registry.yarnpkg.com/mkdirp/-/mkdirp-0.5.1.tgz#30057438eac6cf7f8c4767f38648d6697d75c903"
  dependencies:
    minimist "0.0.8"

optimist@~0.6.0:
  version "0.6.1"
  resolved "https://registry.yarnpkg.com/optimist/-/optimist-0.6.1.tgz#da3ea74686fa21a19a111c326e90eb15a0196686"
  dependencies:
    minimist "~0.0.1"
    wordwrap "~0.0.2"

pako@^1.0.3:
  version "1.0.5"
  resolved "https://registry.yarnpkg.com/pako/-/pako-1.0.5.tgz#d2205dfe5b9da8af797e7c163db4d1f84e4600bc"

shellwords@^0.1.0:
  version "0.1.0"
  resolved "https://registry.yarnpkg.com/shellwords/-/shellwords-0.1.0.tgz#66afd47b6a12932d9071cbfd98a52e785cd0ba14"

source-map@^0.5.3:
  version "0.5.6"
  resolved "https://registry.yarnpkg.com/source-map/-/source-map-0.5.6.tgz#75ce38f52bf0733c5a7f0c118d81334a2bb5f412"

sprintf-js@~1.0.2:
  version "1.0.3"
  resolved "https://registry.yarnpkg.com/sprintf-js/-/sprintf-js-1.0.3.tgz#04e6926f662895354f3dd015203633b857297e2c"

wordwrap@~0.0.2:
  version "0.0.3"
  resolved "https://registry.yarnpkg.com/wordwrap/-/wordwrap-0.0.3.tgz#a3d5da6cd5c0bc0008d37234bbaf1bed63059107"
